{
  "name": "envalid-repro",
  "version": "1.0.0",
  "lockfileVersion": 2,
  "requires": true,
  "packages": {
    "": {
      "name": "envalid-repro",
      "version": "1.0.0",
      "license": "ISC",
      "dependencies": {
        "envalid": "^7.2.2"
      },
      "devDependencies": {
        "@tsconfig/node14": "^1.0.1",
        "@types/node": "^17.0.21",
        "typescript": "^4.6.2"
      }
    },
    "node_modules/@tsconfig/node14": {
      "version": "1.0.1",
      "resolved": "https://pkgs.dev.azure.com/tietodata/_packaging/tietodata-npm/npm/registry/@tsconfig/node14/-/node14-1.0.1.tgz",
      "integrity": "sha1-lfLRZ/+5uNIGiwsjUwL6/U33EfI=",
      "dev": true,
      "license": "MIT"
    },
    "node_modules/@types/node": {
      "version": "17.0.21",
      "resolved": "https://pkgs.dev.azure.com/tietodata/_packaging/tietodata-npm/npm/registry/@types/node/-/node-17.0.21.tgz",
      "integrity": "sha1-hkuYfAxo0HtDRYRcPmO3Xt0UNkQ=",
      "dev": true,
      "license": "MIT"
    },
    "node_modules/envalid": {
      "version": "7.2.2",
      "resolved": "https://pkgs.dev.azure.com/tietodata/_packaging/tietodata-npm/npm/registry/envalid/-/envalid-7.2.2.tgz",
      "integrity": "sha1-8yGfheaSAC3KDygHZ0AifTDIF+M=",
      "license": "MIT",
      "dependencies": {
        "tslib": "2.3.1"
      },
      "engines": {
        "node": ">=8.12"
      }
    },
    "node_modules/tslib": {
      "version": "2.3.1",
      "resolved": "https://pkgs.dev.azure.com/tietodata/_packaging/tietodata-npm/npm/registry/tslib/-/tslib-2.3.1.tgz",
      "integrity": "sha1-6KM1rdXOrlGqJh0ypJAVjvBC7wE=",
      "license": "0BSD"
    },
    "node_modules/typescript": {
      "version": "4.6.2",
      "resolved": "https://pkgs.dev.azure.com/tietodata/_packaging/tietodata-npm/npm/registry/typescript/-/typescript-4.6.2.tgz",
      "integrity": "sha1-/hLScntwj07vQPUVmLM5i6qWEdQ=",
      "dev": true,
      "license": "Apache-2.0",
      "bin": {
        "tsc": "bin/tsc",
        "tsserver": "bin/tsserver"
      },
      "engines": {
        "node": ">=4.2.0"
      }
    }
  },
  "dependencies": {
    "@tsconfig/node14": {
      "version": "1.0.1",
      "resolved": "https://pkgs.dev.azure.com/tietodata/_packaging/tietodata-npm/npm/registry/@tsconfig/node14/-/node14-1.0.1.tgz",
      "integrity": "sha1-lfLRZ/+5uNIGiwsjUwL6/U33EfI=",
      "dev": true
    },
    "@types/node": {
      "version": "17.0.21",
      "resolved": "https://pkgs.dev.azure.com/tietodata/_packaging/tietodata-npm/npm/registry/@types/node/-/node-17.0.21.tgz",
      "integrity": "sha1-hkuYfAxo0HtDRYRcPmO3Xt0UNkQ=",
      "dev": true
    },
    "envalid": {
      "version": "7.2.2",
      "resolved": "https://pkgs.dev.azure.com/tietodata/_packaging/tietodata-npm/npm/registry/envalid/-/envalid-7.2.2.tgz",
      "integrity": "sha1-8yGfheaSAC3KDygHZ0AifTDIF+M=",
      "requires": {
        "tslib": "2.3.1"
      }
    },
    "tslib": {
      "version": "2.3.1",
      "resolved": "https://pkgs.dev.azure.com/tietodata/_packaging/tietodata-npm/npm/registry/tslib/-/tslib-2.3.1.tgz",
      "integrity": "sha1-6KM1rdXOrlGqJh0ypJAVjvBC7wE="
    },
    "typescript": {
      "version": "4.6.2",
      "resolved": "https://pkgs.dev.azure.com/tietodata/_packaging/tietodata-npm/npm/registry/typescript/-/typescript-4.6.2.tgz",
      "integrity": "sha1-/hLScntwj07vQPUVmLM5i6qWEdQ=",
      "dev": true
    }
  }
}
